{
  "pins" : [
    {
      "identity" : "intercom-ios",
      "kind" : "remoteSourceControl",
      "location" : "https://github.com/intercom/intercom-ios",
      "state" : {
        "revision" : "cf2b2621105ef9d04ff4a0743f1903526c422203",
        "version" : "9.3.6"
      }
    }
  ],
  "version" : 2
}
