PODS:
  - Alamofire (5.5.0)
  - Charts (3.6.0):
    - Charts/Core (= 3.6.0)
  - Charts/Core (3.6.0)
  - DPOTPView (1.5.12)
  - FirebaseAnalytics (8.10.0):
    - FirebaseAnalytics/AdIdSupport (= 8.10.0)
    - FirebaseCore (~> 8.0)
    - FirebaseInstallations (~> 8.0)
    - GoogleUtilities/AppDelegateSwizzler (~> 7.6)
    - GoogleUtilities/MethodSwizzler (~> 7.6)
    - GoogleUtilities/Network (~> 7.6)
    - "GoogleUtilities/NSData+zlib (~> 7.6)"
    - nanopb (~> 2.30908.0)
  - FirebaseAnalytics/AdIdSupport (8.10.0):
    - FirebaseCore (~> 8.0)
    - FirebaseInstallations (~> 8.0)
    - GoogleAppMeasurement (= 8.10.0)
    - GoogleUtilities/AppDelegateSwizzler (~> 7.6)
    - GoogleUtilities/MethodSwizzler (~> 7.6)
    - GoogleUtilities/Network (~> 7.6)
    - "GoogleUtilities/NSData+zlib (~> 7.6)"
    - nanopb (~> 2.30908.0)
  - FirebaseAuth (8.15.0):
    - FirebaseCore (~> 8.0)
    - GoogleUtilities/AppDelegateSwizzler (~> 7.7)
    - GoogleUtilities/Environment (~> 7.7)
    - GTMSessionFetcher/Core (~> 1.5)
  - FirebaseCore (8.15.0):
    - FirebaseCoreDiagnostics (~> 8.0)
    - GoogleUtilities/Environment (~> 7.7)
    - GoogleUtilities/Logger (~> 7.7)
  - FirebaseCoreDiagnostics (8.15.0):
    - GoogleDataTransport (~> 9.1)
    - GoogleUtilities/Environment (~> 7.7)
    - GoogleUtilities/Logger (~> 7.7)
    - nanopb (~> 2.30908.0)
  - FirebaseInstallations (8.15.0):
    - FirebaseCore (~> 8.0)
    - GoogleUtilities/Environment (~> 7.7)
    - GoogleUtilities/UserDefaults (~> 7.7)
    - PromisesObjC (< 3.0, >= 1.2)
  - FlagPhoneNumber (0.8.0):
    - FlagPhoneNumber/libPhoneNumberiOS (= 0.8.0)
  - FlagPhoneNumber/libPhoneNumberiOS (0.8.0)
  - GoogleAppMeasurement (8.10.0):
    - GoogleAppMeasurement/AdIdSupport (= 8.10.0)
    - GoogleUtilities/AppDelegateSwizzler (~> 7.6)
    - GoogleUtilities/MethodSwizzler (~> 7.6)
    - GoogleUtilities/Network (~> 7.6)
    - "GoogleUtilities/NSData+zlib (~> 7.6)"
    - nanopb (~> 2.30908.0)
  - GoogleAppMeasurement/AdIdSupport (8.10.0):
    - GoogleAppMeasurement/WithoutAdIdSupport (= 8.10.0)
    - GoogleUtilities/AppDelegateSwizzler (~> 7.6)
    - GoogleUtilities/MethodSwizzler (~> 7.6)
    - GoogleUtilities/Network (~> 7.6)
    - "GoogleUtilities/NSData+zlib (~> 7.6)"
    - nanopb (~> 2.30908.0)
  - GoogleAppMeasurement/WithoutAdIdSupport (8.10.0):
    - GoogleUtilities/AppDelegateSwizzler (~> 7.6)
    - GoogleUtilities/MethodSwizzler (~> 7.6)
    - GoogleUtilities/Network (~> 7.6)
    - "GoogleUtilities/NSData+zlib (~> 7.6)"
    - nanopb (~> 2.30908.0)
  - GoogleDataTransport (9.1.4):
    - GoogleUtilities/Environment (~> 7.7)
    - nanopb (< 2.30910.0, >= 2.30908.0)
    - PromisesObjC (< 3.0, >= 1.2)
  - GoogleUtilities/AppDelegateSwizzler (7.7.0):
    - GoogleUtilities/Environment
    - GoogleUtilities/Logger
    - GoogleUtilities/Network
  - GoogleUtilities/Environment (7.7.0):
    - PromisesObjC (< 3.0, >= 1.2)
  - GoogleUtilities/Logger (7.7.0):
    - GoogleUtilities/Environment
  - GoogleUtilities/MethodSwizzler (7.7.0):
    - GoogleUtilities/Logger
  - GoogleUtilities/Network (7.7.0):
    - GoogleUtilities/Logger
    - "GoogleUtilities/NSData+zlib"
    - GoogleUtilities/Reachability
  - "GoogleUtilities/NSData+zlib (7.7.0)"
  - GoogleUtilities/Reachability (7.7.0):
    - GoogleUtilities/Logger
  - GoogleUtilities/UserDefaults (7.7.0):
    - GoogleUtilities/Logger
  - GTMSessionFetcher/Core (1.7.2)
  - IQKeyboardManagerSwift (6.5.9)
  - MKMagneticProgress (1.4)
  - MKRingProgressView (2.3.0)
  - nanopb (2.30908.0):
    - nanopb/decode (= 2.30908.0)
    - nanopb/encode (= 2.30908.0)
  - nanopb/decode (2.30908.0)
  - nanopb/encode (2.30908.0)
  - NVActivityIndicatorView/Base (5.1.1)
  - NVActivityIndicatorView/Extended (5.1.1):
    - NVActivityIndicatorView/Base
  - Plaid (3.1.0)
  - PromisesObjC (2.1.0)
  - "UITextField+Shake (1.2.1)"

DEPENDENCIES:
  - Alamofire
  - Charts
  - DPOTPView
  - FirebaseAnalytics
  - FirebaseAuth
  - FlagPhoneNumber
  - IQKeyboardManagerSwift
  - MKMagneticProgress
  - MKRingProgressView
  - NVActivityIndicatorView/Extended
  - Plaid
  - "UITextField+Shake"

SPEC REPOS:
  trunk:
    - Alamofire
    - Charts
    - DPOTPView
    - FirebaseAnalytics
    - FirebaseAuth
    - FirebaseCore
    - FirebaseCoreDiagnostics
    - FirebaseInstallations
    - FlagPhoneNumber
    - GoogleAppMeasurement
    - GoogleDataTransport
    - GoogleUtilities
    - GTMSessionFetcher
    - IQKeyboardManagerSwift
    - MKMagneticProgress
    - MKRingProgressView
    - nanopb
    - NVActivityIndicatorView
    - Plaid
    - PromisesObjC
    - "UITextField+Shake"

SPEC CHECKSUMS:
  Alamofire: 1c4fb5369c3fe93d2857c780d8bbe09f06f97e7c
  Charts: b1e3a1f5a1c9ba5394438ca3b91bd8c9076310af
  DPOTPView: 28d8a0a84a2ff4b1e4a7712065aba1cbb14e2704
  FirebaseAnalytics: 319c9b3b1bdd400d60e2f415dff0c5f6959e6760
  FirebaseAuth: 3e73bf8abf4fbb40f8b421f361f4cc48ee57388c
  FirebaseCore: 5743c5785c074a794d35f2fff7ecc254a91e08b1
  FirebaseCoreDiagnostics: 92e07a649aeb66352b319d43bdd2ee3942af84cb
  FirebaseInstallations: 40bd9054049b2eae9a2c38ef1c3dd213df3605cd
  FlagPhoneNumber: 3712455b95f66cb0f2016fef7d9e34cddf8c7f9a
  GoogleAppMeasurement: a3311dbcf3ea651e5a070fe8559b57c174ada081
  GoogleDataTransport: 5fffe35792f8b96ec8d6775f5eccd83c998d5a3b
  GoogleUtilities: e0913149f6b0625b553d70dae12b49fc62914fd1
  GTMSessionFetcher: 5595ec75acf5be50814f81e9189490412bad82ba
  IQKeyboardManagerSwift: 6e839c575c4aa1078d58a596e41244e77abe918f
  MKMagneticProgress: 006b8c763d62986661bcde03794a3dcf56cd084a
  MKRingProgressView: f534209b9a1edc0beb2ea613e6b953ea2195b565
  nanopb: a0ba3315591a9ae0a16a309ee504766e90db0c96
  NVActivityIndicatorView: 1f6c5687f1171810aa27a3296814dc2d7dec3667
  Plaid: 024ce0c2b8d10dae27218331917ee5a824eda63b
  PromisesObjC: 99b6f43f9e1044bd87a95a60beff28c2c44ddb72
  "UITextField+Shake": 298ac5a0f239d731bdab999b19b628c956ca0ac3

PODFILE CHECKSUM: 1f659d211ffb5ab80c882ac797ce6993bd95d369

COCOAPODS: 1.11.2
